
Microsoft Visual Studio Solution File, Format Version 12.00
# Visual Studio Version 17
VisualStudioVersion = 17.3.32922.545
MinimumVisualStudioVersion = 10.0.40219.1
Project("{9A19103F-16F7-4668-BE54-9A1E7A4F7556}") = "StrategyDesignPattern", "StrategyDesignPattern\StrategyDesignPattern.csproj", "{CF57C242-1CF5-46AB-9A83-7B6A0F98F717}"
EndProject
Project("{FAE04EC0-301F-11D3-BF4B-00C04F79EFBC}") = "ObserverDesignPattern", "ObserverDesignPattern\ObserverDesignPattern.csproj", "{4D563394-3408-4B4A-ACB9-9FF8D10D941C}"
EndProject
Global
	GlobalSection(SolutionConfigurationPlatforms) = preSolution
		Debug|Any CPU = Debug|Any CPU
		Release|Any CPU = Release|Any CPU
	EndGlobalSection
	GlobalSection(ProjectConfigurationPlatforms) = postSolution
		{CF57C242-1CF5-46AB-9A83-7B6A0F98F717}.Debug|Any CPU.ActiveCfg = Debug|Any CPU
		{CF57C242-1CF5-46AB-9A83-7B6A0F98F717}.Debug|Any CPU.Build.0 = Debug|Any CPU
		{CF57C242-1CF5-46AB-9A83-7B6A0F98F717}.Release|Any CPU.ActiveCfg = Release|Any CPU
		{CF57C242-1CF5-46AB-9A83-7B6A0F98F717}.Release|Any CPU.Build.0 = Release|Any CPU
		{4D563394-3408-4B4A-ACB9-9FF8D10D941C}.Debug|Any CPU.ActiveCfg = Debug|Any CPU
		{4D563394-3408-4B4A-ACB9-9FF8D10D941C}.Debug|Any CPU.Build.0 = Debug|Any CPU
		{4D563394-3408-4B4A-ACB9-9FF8D10D941C}.Release|Any CPU.ActiveCfg = Release|Any CPU
		{4D563394-3408-4B4A-ACB9-9FF8D10D941C}.Release|Any CPU.Build.0 = Release|Any CPU
	EndGlobalSection
	GlobalSection(SolutionProperties) = preSolution
		HideSolutionNode = FALSE
	EndGlobalSection
	GlobalSection(ExtensibilityGlobals) = postSolution
		SolutionGuid = {E51F4038-1340-4434-B654-639C2EC71CF6}
	EndGlobalSection
EndGlobal
